// !$*UTF8*$!
{
	archiveVersion = 1;
	classes = {
	};
	objectVersion = 50;
	objects = {

/* Begin PBXBuildFile section */
		F0CEA6F4250F61EE00F63340 /* AppDelegate.swift in Sources */ = {isa = PBXBuildFile; fileRef = F0CEA6F3250F61EE00F63340 /* AppDelegate.swift */; };
		F0CEA6F6250F61EE00F63340 /* SceneDelegate.swift in Sources */ = {isa = PBXBuildFile; fileRef = F0CEA6F5250F61EE00F63340 /* SceneDelegate.swift */; };
		F0CEA6F8250F61EE00F63340 /* ViewController.swift in Sources */ = {isa = PBXBuildFile; fileRef = F0CEA6F7250F61EE00F63340 /* ViewController.swift */; };
		F0CEA6FB250F61EE00F63340 /* Main.storyboard in Resources */ = {isa = PBXBuildFile; fileRef = F0CEA6F9250F61EE00F63340 /* Main.storyboard */; };
		F0CEA6FD250F61F000F63340 /* Assets.xcassets in Resources */ = {isa = PBXBuildFile; fileRef = F0CEA6FC250F61F000F63340 /* Assets.xcassets */; };
		F0CEA700250F61F000F63340 /* LaunchScreen.storyboard in Resources */ = {isa = PBXBuildFile; fileRef = F0CEA6FE250F61F000F63340 /* LaunchScreen.storyboard */; };
		F0CEA708250F633700F63340 /* Inceptionv3.mlmodel in Sources */ = {isa = PBXBuildFile; fileRef = F0CEA707250F633700F63340 /* Inceptionv3.mlmodel */; };
/* End PBXBuildFile section */

/* Begin PBXFileReference section */
		F0CEA6F0250F61EE00F63340 /* Hotdog?.app */ = {isa = PBXFileReference; explicitFileType = wrapper.application; includeInIndex = 0; path = "Hotdog?.app"; sourceTree = BUILT_PRODUCTS_DIR; };
		F0CEA6F3250F61EE00F63340 /* AppDelegate.swift */ = {isa = PBXFileReference; lastKnownFileType = sourcecode.swift; path = AppDelegate.swift; sourceTree = "<group>"; };
		F0CEA6F5250F61EE00F63340 /* SceneDelegate.swift */ = {isa = PBXFileReference; lastKnownFileType = sourcecode.swift; path = SceneDelegate.swift; sourceTree = "<group>"; };
		F0CEA6F7250F61EE00F63340 /* ViewController.swift */ = {isa = PBXFileReference; lastKnownFileType = sourcecode.swift; path = ViewController.swift; sourceTree = "<group>"; };
		F0CEA6FA250F61EE00F63340 /* Base */ = {isa = PBXFileReference; lastKnownFileType = file.storyboard; name = Base; path = Base.lproj/Main.storyboard; sourceTree = "<group>"; };
		F0CEA6FC250F61F000F63340 /* Assets.xcassets */ = {isa = PBXFileReference; lastKnownFileType = folder.assetcatalog; path = Assets.xcassets; sourceTree = "<group>"; };
		F0CEA6FF250F61F000F63340 /* Base */ = {isa = PBXFileReference; lastKnownFileType = file.storyboard; name = Base; path = Base.lproj/LaunchScreen.storyboard; sourceTree = "<group>"; };
		F0CEA701250F61F000F63340 /* Info.plist */ = {isa = PBXFileReference; lastKnownFileType = text.plist.xml; path = Info.plist; sourceTree = "<group>"; };
		F0CEA707250F633700F63340 /* Inceptionv3.mlmodel */ = {isa = PBXFileReference; lastKnownFileType = file.mlmodel; path = Inceptionv3.mlmodel; sourceTree = "<group>"; };
/* End PBXFileReference section */

/* Begin PBXFrameworksBuildPhase section */
		F0CEA6ED250F61EE00F63340 /* Frameworks */ = {
			isa = PBXFrameworksBuildPhase;
			buildActionMask = 2147483647;
			files = (
			);
			runOnlyForDeploymentPostprocessing = 0;
		};
/* End PBXFrameworksBuildPhase section */

/* Begin PBXGroup section */
		F0CEA6E7250F61EE00F63340 = {
			isa = PBXGroup;
			children = (
				F0CEA6F2250F61EE00F63340 /* HotdogClassifier */,
				F0CEA6F1250F61EE00F63340 /* Products */,
			);
			sourceTree = "<group>";
		};
		F0CEA6F1250F61EE00F63340 /* Products */ = {
			isa = PBXGroup;
			children = (
				F0CEA6F0250F61EE00F63340 /* Hotdog?.app */,
			);
			name = Products;
			sourceTree = "<group>";
		};
		F0CEA6F2250F61EE00F63340 /* HotdogClassifier */ = {
			isa = PBXGroup;
			children = (
				F0CEA6F3250F61EE00F63340 /* AppDelegate.swift */,
				F0CEA6F5250F61EE00F63340 /* SceneDelegate.swift */,
				F0CEA6F7250F61EE00F63340 /* ViewController.swift */,
				F0CEA6F9250F61EE00F63340 /* Main.storyboard */,
				F0CEA6FC250F61F000F63340 /* Assets.xcassets */,
				F0CEA707250F633700F63340 /* Inceptionv3.mlmodel */,
				F0CEA6FE250F61F000F63340 /* LaunchScreen.storyboard */,
				F0CEA701250F61F000F63340 /* Info.plist */,
			);
			path = HotdogClassifier;
			sourceTree = "<group>";
		};
/* End PBXGroup section */

/* Begin PBXNativeTarget section */
		F0CEA6EF250F61EE00F63340 /* HotdogClassifier */ = {
			isa = PBXNativeTarget;
			buildConfigurationList = F0CEA704250F61F000F63340 /* Build configuration list for PBXNativeTarget "HotdogClassifier" */;
			buildPhases = (
				F0CEA6EC250F61EE00F63340 /* Sources */,
				F0CEA6ED250F61EE00F63340 /* Frameworks */,
				F0CEA6EE250F61EE00F63340 /* Resources */,
			);
			buildRules = (
			);
			dependencies = (
			);
			name = HotdogClassifier;
			productName = HotdogClassifier;
			productReference = F0CEA6F0250F61EE00F63340 /* Hotdog?.app */;
			productType = "com.apple.product-type.application";
		};
/* End PBXNativeTarget section */

/* Begin PBXProject section */
		F0CEA6E8250F61EE00F63340 /* Project object */ = {
			isa = PBXProject;
			attributes = {
				LastSwiftUpdateCheck = 1170;
				LastUpgradeCheck = 1170;
				ORGANIZATIONNAME = StartupBuilder.INFO;
				TargetAttributes = {
					F0CEA6EF250F61EE00F63340 = {
						CreatedOnToolsVersion = 11.7;
					};
				};
			};
			buildConfigurationList = F0CEA6EB250F61EE00F63340 /* Build configuration list for PBXProject "HotdogClassifier" */;
			compatibilityVersion = "Xcode 9.3";
			developmentRegion = en;
			hasScannedForEncodings = 0;
			knownRegions = (
				en,
				Base,
			);
			mainGroup = F0CEA6E7250F61EE00F63340;
			productRefGroup = F0CEA6F1250F61EE00F63340 /* Products */;
			projectDirPath = "";
			projectRoot = "";
			targets = (
				F0CEA6EF250F61EE00F63340 /* HotdogClassifier */,
			);
		};
/* End PBXProject section */

/* Begin PBXResourcesBuildPhase section */
		F0CEA6EE250F61EE00F63340 /* Resources */ = {
			isa = PBXResourcesBuildPhase;
			buildActionMask = 2147483647;
			files = (
				F0CEA700250F61F000F63340 /* LaunchScreen.storyboard in Resources */,
				F0CEA6FD250F61F000F63340 /* Assets.xcassets in Resources */,
				F0CEA6FB250F61EE00F63340 /* Main.storyboard in Resources */,
			);
			runOnlyForDeploymentPostprocessing = 0;
		};
/* End PBXResourcesBuildPhase section */

/* Begin PBXSourcesBuildPhase section */
		F0CEA6EC250F61EE00F63340 /* Sources */ = {
			isa = PBXSourcesBuildPhase;
			buildActionMask = 2147483647;
			files = (
				F0CEA6F8250F61EE00F63340 /* ViewController.swift in Sources */,
				F0CEA708250F633700F63340 /* Inceptionv3.mlmodel in Sources */,
				F0CEA6F4250F61EE00F63340 /* AppDelegate.swift in Sources */,
				F0CEA6F6250F61EE00F63340 /* SceneDelegate.swift in Sources */,
			);
			runOnlyForDeploymentPostprocessing = 0;
		};
/* End PBXSourcesBuildPhase section */

/* Begin PBXVariantGroup section */
		F0CEA6F9250F61EE00F63340 /* Main.storyboard */ = {
			isa = PBXVariantGroup;
			children = (
				F0CEA6FA250F61EE00F63340 /* Base */,
			);
			name = Main.storyboard;
			sourceTree = "<group>";
		};
		F0CEA6FE250F61F000F63340 /* LaunchScreen.storyboard */ = {
			isa = PBXVariantGroup;
			children = (
				F0CEA6FF250F61F000F63340 /* Base */,
			);
			name = LaunchScreen.storyboard;
			sourceTree = "<group>";
		};
/* End PBXVariantGroup section */

/* Begin XCBuildConfiguration section */
		F0CEA702250F61F000F63340 /* Debug */ = {
			isa = XCBuildConfiguration;
			buildSettings = {
				ALWAYS_SEARCH_USER_PATHS = NO;
				CLANG_ANALYZER_NONNULL = YES;
				CLANG_ANALYZER_NUMBER_OBJECT_CONVERSION = YES_AGGRESSIVE;
				CLANG_CXX_LANGUAGE_STANDARD = "gnu++14";
				CLANG_CXX_LIBRARY = "libc++";
				CLANG_ENABLE_MODULES = YES;
				CLANG_ENABLE_OBJC_ARC = YES;
				CLANG_ENABLE_OBJC_WEAK = YES;
				CLANG_WARN_BLOCK_CAPTURE_AUTORELEASING = YES;
				CLANG_WARN_BOOL_CONVERSION = YES;
				CLANG_WARN_COMMA = YES;
				CLANG_WARN_CONSTANT_CONVERSION = YES;
				CLANG_WARN_DEPRECATED_OBJC_IMPLEMENTATIONS = YES;
				CLANG_WARN_DIRECT_OBJC_ISA_USAGE = YES_ERROR;
				CLANG_WARN_DOCUMENTATION_COMMENTS = YES;
				CLANG_WARN_EMPTY_BODY = YES;
				CLANG_WARN_ENUM_CONVERSION = YES;
				CLANG_WARN_INFINITE_RECURSION = YES;
				CLANG_WARN_INT_CONVERSION = YES;
				CLANG_WARN_NON_LITERAL_NULL_CONVERSION = YES;
				CLANG_WARN_OBJC_IMPLICIT_RETAIN_SELF = YES;
				CLANG_WARN_OBJC_LITERAL_CONVERSION = YES;
				CLANG_WARN_OBJC_ROOT_CLASS = YES_ERROR;
				CLANG_WARN_RANGE_LOOP_ANALYSIS = YES;
				CLANG_WARN_STRICT_PROTOTYPES = YES;
				CLANG_WARN_SUSPICIOUS_MOVE = YES;
				CLANG_WARN_UNGUARDED_AVAILABILITY = YES_AGGRESSIVE;
				CLANG_WARN_UNREACHABLE_CODE = YES;
				CLANG_WARN__DUPLICATE_METHOD_MATCH = YES;
				COPY_PHASE_STRIP = NO;
				DEBUG_INFORMATION_FORMAT = dwarf;
				ENABLE_STRICT_OBJC_MSGSEND = YES;
				ENABLE_TESTABILITY = YES;
				GCC_C_LANGUAGE_STANDARD = gnu11;
				GCC_DYNAMIC_NO_PIC = NO;
				GCC_NO_COMMON_BLOCKS = YES;
				GCC_OPTIMIZATION_LEVEL = 0;
				GCC_PREPROCESSOR_DEFINITIONS = (
					"DEBUG=1",
					"$(inherited)",
				);
				GCC_WARN_64_TO_32_BIT_CONVERSION = YES;
				GCC_WARN_ABOUT_RETURN_TYPE = YES_ERROR;
				GCC_WARN_UNDECLARED_SELECTOR = YES;
				GCC_WARN_UNINITIALIZED_AUTOS = YES_AGGRESSIVE;
				GCC_WARN_UNUSED_FUNCTION = YES;
				GCC_WARN_UNUSED_VARIABLE = YES;
				IPHONEOS_DEPLOYMENT_TARGET = 13.7;
				MTL_ENABLE_DEBUG_INFO = INCLUDE_SOURCE;
				MTL_FAST_MATH = YES;
				ONLY_ACTIVE_ARCH = YES;
				SDKROOT = iphoneos;
				SWIFT_ACTIVE_COMPILATION_CONDITIONS = DEBUG;
				SWIFT_OPTIMIZATION_LEVEL = "-Onone";
			};
			name = Debug;
		};
		F0CEA703250F61F000F63340 /* Release */ = {
			isa = XCBuildConfiguration;
			buildSettings = {
				ALWAYS_SEARCH_USER_PATHS = NO;
				CLANG_ANALYZER_NONNULL = YES;
				CLANG_ANALYZER_NUMBER_OBJECT_CONVERSION = YES_AGGRESSIVE;
				CLANG_CXX_LANGUAGE_STANDARD = "gnu++14";
				CLANG_CXX_LIBRARY = "libc++";
				CLANG_ENABLE_MODULES = YES;
				CLANG_ENABLE_OBJC_ARC = YES;
				CLANG_ENABLE_OBJC_WEAK = YES;
				CLANG_WARN_BLOCK_CAPTURE_AUTORELEASING = YES;
				CLANG_WARN_BOOL_CONVERSION = YES;
				CLANG_WARN_COMMA = YES;
				CLANG_WARN_CONSTANT_CONVERSION = YES;
				CLANG_WARN_DEPRECATED_OBJC_IMPLEMENTATIONS = YES;
				CLANG_WARN_DIRECT_OBJC_ISA_USAGE = YES_ERROR;
				CLANG_WARN_DOCUMENTATION_COMMENTS = YES;
				CLANG_WARN_EMPTY_BODY = YES;
				CLANG_WARN_ENUM_CONVERSION = YES;
				CLANG_WARN_INFINITE_RECURSION = YES;
				CLANG_WARN_INT_CONVERSION = YES;
				CLANG_WARN_NON_LITERAL_NULL_CONVERSION = YES;
				CLANG_WARN_OBJC_IMPLICIT_RETAIN_SELF = YES;
				CLANG_WARN_OBJC_LITERAL_CONVERSION = YES;
				CLANG_WARN_OBJC_ROOT_CLASS = YES_ERROR;
				CLANG_WARN_RANGE_LOOP_ANALYSIS = YES;
				CLANG_WARN_STRICT_PROTOTYPES = YES;
				CLANG_WARN_SUSPICIOUS_MOVE = YES;
				CLANG_WARN_UNGUARDED_AVAILABILITY = YES_AGGRESSIVE;
				CLANG_WARN_UNREACHABLE_CODE = YES;
				CLANG_WARN__DUPLICATE_METHOD_MATCH = YES;
				COPY_PHASE_STRIP = NO;
				DEBUG_INFORMATION_FORMAT = "dwarf-with-dsym";
				ENABLE_NS_ASSERTIONS = NO;
				ENABLE_STRICT_OBJC_MSGSEND = YES;
				GCC_C_LANGUAGE_STANDARD = gnu11;
				GCC_NO_COMMON_BLOCKS = YES;
				GCC_WARN_64_TO_32_BIT_CONVERSION = YES;
				GCC_WARN_ABOUT_RETURN_TYPE = YES_ERROR;
				GCC_WARN_UNDECLARED_SELECTOR = YES;
				GCC_WARN_UNINITIALIZED_AUTOS = YES_AGGRESSIVE;
				GCC_WARN_UNUSED_FUNCTION = YES;
				GCC_WARN_UNUSED_VARIABLE = YES;
				IPHONEOS_DEPLOYMENT_TARGET = 13.7;
				MTL_ENABLE_DEBUG_INFO = NO;
				MTL_FAST_MATH = YES;
				SDKROOT = iphoneos;
				SWIFT_COMPILATION_MODE = wholemodule;
				SWIFT_OPTIMIZATION_LEVEL = "-O";
				VALIDATE_PRODUCT = YES;
			};
			name = Release;
		};
		F0CEA705250F61F000F63340 /* Debug */ = {
			isa = XCBuildConfiguration;
			buildSettings = {
				ASSETCATALOG_COMPILER_APPICON_NAME = AppIcon;
				CODE_SIGN_STYLE = Automatic;
				DEVELOPMENT_TEAM = URYAKN64F7;
				INFOPLIST_FILE = HotdogClassifier/Info.plist;
				LD_RUNPATH_SEARCH_PATHS = (
					"$(inherited)",
					"@executable_path/Frameworks",
				);
				PRODUCT_BUNDLE_IDENTIFIER = info.startupbuilder.HotdogClassifier;
				PRODUCT_NAME = "Hotdog?";
				SWIFT_VERSION = 5.0;
				TARGETED_DEVICE_FAMILY = "1,2";
			};
			name = Debug;
		};
		F0CEA706250F61F000F63340 /* Release */ = {
			isa = XCBuildConfiguration;
			buildSettings = {
				ASSETCATALOG_COMPILER_APPICON_NAME = AppIcon;
				CODE_SIGN_STYLE = Automatic;
				DEVELOPMENT_TEAM = URYAKN64F7;
				INFOPLIST_FILE = HotdogClassifier/Info.plist;
				LD_RUNPATH_SEARCH_PATHS = (
					"$(inherited)",
					"@executable_path/Frameworks",
				);
				PRODUCT_BUNDLE_IDENTIFIER = info.startupbuilder.HotdogClassifier;
				PRODUCT_NAME = "Hotdog?";
				SWIFT_VERSION = 5.0;
				TARGETED_DEVICE_FAMILY = "1,2";
			};
			name = Release;
		};
/* End XCBuildConfiguration section */

/* Begin XCConfigurationList section */
		F0CEA6EB250F61EE00F63340 /* Build configuration list for PBXProject "HotdogClassifier" */ = {
			isa = XCConfigurationList;
			buildConfigurations = (
				F0CEA702250F61F000F63340 /* Debug */,
				F0CEA703250F61F000F63340 /* Release */,
			);
			defaultConfigurationIsVisible = 0;
			defaultConfigurationName = Release;
		};
		F0CEA704250F61F000F63340 /* Build configuration list for PBXNativeTarget "HotdogClassifier" */ = {
			isa = XCConfigurationList;
			buildConfigurations = (
				F0CEA705250F61F000F63340 /* Debug */,
				F0CEA706250F61F000F63340 /* Release */,
			);
			defaultConfigurationIsVisible = 0;
			defaultConfigurationName = Release;
		};
/* End XCConfigurationList section */
	};
	rootObject = F0CEA6E8250F61EE00F63340 /* Project object */;
}
